
Microsoft Visual Studio Solution File, Format Version 12.00
# Visual Studio Version 16
VisualStudioVersion = 16.0.29009.5
MinimumVisualStudioVersion = 10.0.40219.1
Project("{FAE04EC0-301F-11D3-BF4B-00C04F79EFBC}") = "ScreenStreaming_client", "ScreenStreaming_client.csproj", "{335BA91F-D6B8-4D9A-9A3C-BED2B67EC4B0}"
EndProject
Global
	GlobalSection(SolutionConfigurationPlatforms) = preSolution
		Debug|Any CPU = Debug|Any CPU
		Release|Any CPU = Release|Any CPU
	EndGlobalSection
	GlobalSection(ProjectConfigurationPlatforms) = postSolution
		{335BA91F-D6B8-4D9A-9A3C-BED2B67EC4B0}.Debug|Any CPU.ActiveCfg = Debug|Any CPU
		{335BA91F-D6B8-4D9A-9A3C-BED2B67EC4B0}.Debug|Any CPU.Build.0 = Debug|Any CPU
		{335BA91F-D6B8-4D9A-9A3C-BED2B67EC4B0}.Release|Any CPU.ActiveCfg = Release|Any CPU
		{335BA91F-D6B8-4D9A-9A3C-BED2B67EC4B0}.Release|Any CPU.Build.0 = Release|Any CPU
	EndGlobalSection
	GlobalSection(SolutionProperties) = preSolution
		HideSolutionNode = FALSE
	EndGlobalSection
	GlobalSection(ExtensibilityGlobals) = postSolution
		SolutionGuid = {BAAE7737-D9B2-4C3A-947D-34F4FD765571}
	EndGlobalSection
EndGlobal
