
Microsoft Visual Studio Solution File, Format Version 12.00
# Visual Studio Version 16
VisualStudioVersion = 16.0.29009.5
MinimumVisualStudioVersion = 10.0.40219.1
Project("{FAE04EC0-301F-11D3-BF4B-00C04F79EFBC}") = "ScreenStreaming", "ScreenStreaming.csproj", "{5F4F7063-2148-46C7-989F-A964C06EEB13}"
EndProject
Global
	GlobalSection(SolutionConfigurationPlatforms) = preSolution
		Debug|Any CPU = Debug|Any CPU
		Release|Any CPU = Release|Any CPU
	EndGlobalSection
	GlobalSection(ProjectConfigurationPlatforms) = postSolution
		{5F4F7063-2148-46C7-989F-A964C06EEB13}.Debug|Any CPU.ActiveCfg = Debug|Any CPU
		{5F4F7063-2148-46C7-989F-A964C06EEB13}.Debug|Any CPU.Build.0 = Debug|Any CPU
		{5F4F7063-2148-46C7-989F-A964C06EEB13}.Release|Any CPU.ActiveCfg = Release|Any CPU
		{5F4F7063-2148-46C7-989F-A964C06EEB13}.Release|Any CPU.Build.0 = Release|Any CPU
	EndGlobalSection
	GlobalSection(SolutionProperties) = preSolution
		HideSolutionNode = FALSE
	EndGlobalSection
	GlobalSection(ExtensibilityGlobals) = postSolution
		SolutionGuid = {295D51DF-4F14-4F30-A822-A041DFF1370A}
	EndGlobalSection
EndGlobal
